summary: flock(1) locks files
webpage: https://github.com/discoteq/flock
version: 0.4.0
bin-url: https://github.com/leleliu008/uppm-package-repository-linux-x86_64/releases/download/2025.03.18/flock-0.4.0-linux-x86_64.release.tar.xz
bin-sha: 0187cda7d9bf180dcf83c836e0194477ec18b607e3e5a301677b7492b1b133a2
